{
  "name": "maison-noir",
  "version": "1.1.0",
  "lockfileVersion": 3,
  "requires": true,
  "packages": {
    "": {
      "name": "maison-noir",
      "version": "1.1.0",
      "dependencies": {
        "@upstash/redis": "^1.38.2",
        "stripe": "^22.5.0",
        "tweetnacl": "^1.0.3",
        "tweetnacl-util": "^0.15.1",
        "uuid": "^14.0.1"
      }
    },
    "node_modules/@upstash/redis": {
      "version": "1.38.2",
      "resolved": "https://registry.npmjs.org/@upstash/redis/-/redis-1.38.2.tgz",
      "integrity": "sha512-RZ+JaRCVIS+ZTGnjOnDMr+/0aqDxsBb5rV6aW+Pys4SGELwr5lwE3UbLHRCHqMQ5Ulxj0b/CFBHfbmE175Otog==",
      "license": "MIT",
      "dependencies": {
        "uncrypto": "^0.1.3"
      }
    },
    "node_modules/stripe": {
      "version": "22.5.0",
      "resolved": "https://registry.npmjs.org/stripe/-/stripe-22.5.0.tgz",
      "integrity": "sha512-QVwMwriC0bbySx6R4dpsvJ0W//GojC1kwWVS6rPSoVqDUIZX4Hy3TaUrd2AZeXEAaKbfWIjQjvo3vKAReHZ0vQ==",
      "license": "MIT",
      "engines": {
        "node": ">=18"
      },
      "peerDependencies": {
        "@types/node": ">=18"
      },
      "peerDependenciesMeta": {
        "@types/node": {
          "optional": true
        }
      }
    },
    "node_modules/tweetnacl": {
      "version": "1.0.3",
      "resolved": "https://registry.npmjs.org/tweetnacl/-/tweetnacl-1.0.3.tgz",
      "integrity": "sha512-6rt+RN7aOi1nGMyC4Xa5DdYiukl2UWCbcJft7YhxReBGQD7OAM8Pbxw6YMo4r2diNEA8FEmu32YOn9rhaiE5yw==",
      "license": "Unlicense"
    },
    "node_modules/tweetnacl-util": {
      "version": "0.15.1",
      "resolved": "https://registry.npmjs.org/tweetnacl-util/-/tweetnacl-util-0.15.1.tgz",
      "integrity": "sha512-RKJBIj8lySrShN4w6i/BonWp2Z/uxwC3h4y7xsRrpP59ZboCd0GpEVsOnMDYLMmKBpYhb5TgHzZXy7wTfYFBRw==",
      "license": "Unlicense"
    },
    "node_modules/uncrypto": {
      "version": "0.1.3",
      "resolved": "https://registry.npmjs.org/uncrypto/-/uncrypto-0.1.3.tgz",
      "integrity": "sha512-Ql87qFHB3s/De2ClA9e0gsnS6zXG27SkTiSJwjCc9MebbfapQfuPzumMIUMi38ezPZVNFcHI9sUIepeQfw8J8Q==",
      "license": "MIT"
    },
    "node_modules/uuid": {
      "version": "14.0.1",
      "resolved": "https://registry.npmjs.org/uuid/-/uuid-14.0.1.tgz",
      "integrity": "sha512-6ZxzVpzDXDa3bJWaHilVayA+BH/1zmxCJoVgvmqJnid/gPoKHxUrS/aC/T6LGQtNHT+XHG9fXPJB4d+IrU30Ew==",
      "funding": [
        "https://github.com/sponsors/broofa",
        "https://github.com/sponsors/ctavan"
      ],
      "license": "MIT",
      "bin": {
        "uuid": "dist-node/bin/uuid"
      }
    }
  }
}
